
Microsoft Visual Studio Solution File, Format Version 12.00
# Visual Studio Version 16
VisualStudioVersion = 16.0.33214.272
MinimumVisualStudioVersion = 10.0.40219.1
Project("{9A19103F-16F7-4668-BE54-9A1E7A4F7556}") = "Aqua", "Aqua\Aqua.csproj", "{555D77C4-13E8-4287-A26B-4BA9505F5271}"
EndProject
Project("{FAE04EC0-301F-11D3-BF4B-00C04F79EFBC}") = "AquariumProject", "AquariumProject\AquariumProject.csproj", "{E14AC162-06F8-4429-A6B1-1D30D2E135E0}"
EndProject
Global
	GlobalSection(SolutionConfigurationPlatforms) = preSolution
		Debug|Any CPU = Debug|Any CPU
		Release|Any CPU = Release|Any CPU
	EndGlobalSection
	GlobalSection(ProjectConfigurationPlatforms) = postSolution
		{555D77C4-13E8-4287-A26B-4BA9505F5271}.Debug|Any CPU.ActiveCfg = Debug|Any CPU
		{555D77C4-13E8-4287-A26B-4BA9505F5271}.Debug|Any CPU.Build.0 = Debug|Any CPU
		{555D77C4-13E8-4287-A26B-4BA9505F5271}.Release|Any CPU.ActiveCfg = Release|Any CPU
		{555D77C4-13E8-4287-A26B-4BA9505F5271}.Release|Any CPU.Build.0 = Release|Any CPU
		{E14AC162-06F8-4429-A6B1-1D30D2E135E0}.Debug|Any CPU.ActiveCfg = Debug|Any CPU
		{E14AC162-06F8-4429-A6B1-1D30D2E135E0}.Debug|Any CPU.Build.0 = Debug|Any CPU
		{E14AC162-06F8-4429-A6B1-1D30D2E135E0}.Release|Any CPU.ActiveCfg = Release|Any CPU
		{E14AC162-06F8-4429-A6B1-1D30D2E135E0}.Release|Any CPU.Build.0 = Release|Any CPU
	EndGlobalSection
	GlobalSection(SolutionProperties) = preSolution
		HideSolutionNode = FALSE
	EndGlobalSection
	GlobalSection(ExtensibilityGlobals) = postSolution
		SolutionGuid = {932FB8CA-06C6-44C7-BEAF-9965A862AE50}
	EndGlobalSection
EndGlobal
